<Solution>
  <Folder Name="/Elementos de la solución/">
    <File Path=".editorconfig" />
  </Folder>
  <Project Path="CRM.V3/CRM.V3.Shared/CRM.V3.Shared.csproj" />
  <Project Path="CRM.V3/CRM.V3.Web.Client/CRM.V3.Web.Client.csproj" />
  <Project Path="CRM.V3/CRM.V3.Web/CRM.V3.Web.csproj" />
  <Project Path="CRM.V3/CRM.V3/CRM.V3.csproj" />
  <Project Path="CRM_REPO/CRM.Dtos/CRM.Dtos.csproj" />
</Solution>
